// !$*UTF8*$!
{
	archiveVersion = 1;
	classes = {
	};
	objectVersion = 50;
	objects = {

/* Begin PBXBuildFile section */
		6647B05D218E8A2900731EE8 /* AppDelegate.swift in Sources */ = {isa = PBXBuildFile; fileRef = 6647B05C218E8A2900731EE8 /* AppDelegate.swift */; };
		6647B05F218E8A2900731EE8 /* ViewController.swift in Sources */ = {isa = PBXBuildFile; fileRef = 6647B05E218E8A2900731EE8 /* ViewController.swift */; };
		6647B062218E8A2900731EE8 /* Main.storyboard in Resources */ = {isa = PBXBuildFile; fileRef = 6647B060218E8A2900731EE8 /* Main.storyboard */; };
		6647B064218E8A2B00731EE8 /* Assets.xcassets in Resources */ = {isa = PBXBuildFile; fileRef = 6647B063218E8A2B00731EE8 /* Assets.xcassets */; };
		6647B067218E8A2B00731EE8 /* LaunchScreen.storyboard in Resources */ = {isa = PBXBuildFile; fileRef = 6647B065218E8A2B00731EE8 /* LaunchScreen.storyboard */; };
		F9076AF7110648CB6C780109 /* libPods-geoLocation.a in Frameworks */ = {isa = PBXBuildFile; fileRef = 5DC54D2D2A43538FB7141A71 /* libPods-geoLocation.a */; };
/* End PBXBuildFile section */

/* Begin PBXFileReference section */
		35189B802821B9AEABD03080 /* Pods-geoLocation.debug.xcconfig */ = {isa = PBXFileReference; includeInIndex = 1; lastKnownFileType = text.xcconfig; name = "Pods-geoLocation.debug.xcconfig"; path = "Pods/Target Support Files/Pods-geoLocation/Pods-geoLocation.debug.xcconfig"; sourceTree = "<group>"; };
		5DC54D2D2A43538FB7141A71 /* libPods-geoLocation.a */ = {isa = PBXFileReference; explicitFileType = archive.ar; includeInIndex = 0; path = "libPods-geoLocation.a"; sourceTree = BUILT_PRODUCTS_DIR; };
		6647B059218E8A2900731EE8 /* geoLocation.app */ = {isa = PBXFileReference; explicitFileType = wrapper.application; includeInIndex = 0; path = geoLocation.app; sourceTree = BUILT_PRODUCTS_DIR; };
		6647B05C218E8A2900731EE8 /* AppDelegate.swift */ = {isa = PBXFileReference; lastKnownFileType = sourcecode.swift; path = AppDelegate.swift; sourceTree = "<group>"; };
		6647B05E218E8A2900731EE8 /* ViewController.swift */ = {isa = PBXFileReference; lastKnownFileType = sourcecode.swift; path = ViewController.swift; sourceTree = "<group>"; };
		6647B061218E8A2900731EE8 /* Base */ = {isa = PBXFileReference; lastKnownFileType = file.storyboard; name = Base; path = Base.lproj/Main.storyboard; sourceTree = "<group>"; };
		6647B063218E8A2B00731EE8 /* Assets.xcassets */ = {isa = PBXFileReference; lastKnownFileType = folder.assetcatalog; path = Assets.xcassets; sourceTree = "<group>"; };
		6647B066218E8A2B00731EE8 /* Base */ = {isa = PBXFileReference; lastKnownFileType = file.storyboard; name = Base; path = Base.lproj/LaunchScreen.storyboard; sourceTree = "<group>"; };
		6647B068218E8A2B00731EE8 /* Info.plist */ = {isa = PBXFileReference; lastKnownFileType = text.plist.xml; path = Info.plist; sourceTree = "<group>"; };
		B4390AD50F9A22E0D187E472 /* Pods-geoLocation.release.xcconfig */ = {isa = PBXFileReference; includeInIndex = 1; lastKnownFileType = text.xcconfig; name = "Pods-geoLocation.release.xcconfig"; path = "Pods/Target Support Files/Pods-geoLocation/Pods-geoLocation.release.xcconfig"; sourceTree = "<group>"; };
/* End PBXFileReference section */

/* Begin PBXFrameworksBuildPhase section */
		6647B056218E8A2900731EE8 /* Frameworks */ = {
			isa = PBXFrameworksBuildPhase;
			buildActionMask = 2147483647;
			files = (
				F9076AF7110648CB6C780109 /* libPods-geoLocation.a in Frameworks */,
			);
			runOnlyForDeploymentPostprocessing = 0;
		};
/* End PBXFrameworksBuildPhase section */

/* Begin PBXGroup section */
		6647B050218E8A2900731EE8 = {
			isa = PBXGroup;
			children = (
				6647B05B218E8A2900731EE8 /* geoLocation */,
				6647B05A218E8A2900731EE8 /* Products */,
				C9C519E383B056EDB178FE7C /* Pods */,
				ECFF1830E5DCA188F6C933BC /* Frameworks */,
			);
			sourceTree = "<group>";
		};
		6647B05A218E8A2900731EE8 /* Products */ = {
			isa = PBXGroup;
			children = (
				6647B059218E8A2900731EE8 /* geoLocation.app */,
			);
			name = Products;
			sourceTree = "<group>";
		};
		6647B05B218E8A2900731EE8 /* geoLocation */ = {
			isa = PBXGroup;
			children = (
				6647B05C218E8A2900731EE8 /* AppDelegate.swift */,
				6647B05E218E8A2900731EE8 /* ViewController.swift */,
				6647B060218E8A2900731EE8 /* Main.storyboard */,
				6647B063218E8A2B00731EE8 /* Assets.xcassets */,
				6647B065218E8A2B00731EE8 /* LaunchScreen.storyboard */,
				6647B068218E8A2B00731EE8 /* Info.plist */,
			);
			path = geoLocation;
			sourceTree = "<group>";
		};
		C9C519E383B056EDB178FE7C /* Pods */ = {
			isa = PBXGroup;
			children = (
				35189B802821B9AEABD03080 /* Pods-geoLocation.debug.xcconfig */,
				B4390AD50F9A22E0D187E472 /* Pods-geoLocation.release.xcconfig */,
			);
			name = Pods;
			sourceTree = "<group>";
		};
		ECFF1830E5DCA188F6C933BC /* Frameworks */ = {
			isa = PBXGroup;
			children = (
				5DC54D2D2A43538FB7141A71 /* libPods-geoLocation.a */,
			);
			name = Frameworks;
			sourceTree = "<group>";
		};
/* End PBXGroup section */

/* Begin PBXNativeTarget section */
		6647B058218E8A2900731EE8 /* geoLocation */ = {
			isa = PBXNativeTarget;
			buildConfigurationList = 6647B06B218E8A2B00731EE8 /* Build configuration list for PBXNativeTarget "geoLocation" */;
			buildPhases = (
				0118991CDA38587957C759D1 /* [CP] Check Pods Manifest.lock */,
				6647B055218E8A2900731EE8 /* Sources */,
				6647B056218E8A2900731EE8 /* Frameworks */,
				6647B057218E8A2900731EE8 /* Resources */,
				B566840AD426B57938B04FB2 /* [CP] Copy Pods Resources */,
			);
			buildRules = (
			);
			dependencies = (
			);
			name = geoLocation;
			productName = geoLocation;
			productReference = 6647B059218E8A2900731EE8 /* geoLocation.app */;
			productType = "com.apple.product-type.application";
		};
/* End PBXNativeTarget section */

/* Begin PBXProject section */
		6647B051218E8A2900731EE8 /* Project object */ = {
			isa = PBXProject;
			attributes = {
				LastSwiftUpdateCheck = 1000;
				LastUpgradeCheck = 1000;
				ORGANIZATIONNAME = Silly;
				TargetAttributes = {
					6647B058218E8A2900731EE8 = {
						CreatedOnToolsVersion = 10.0;
					};
				};
			};
			buildConfigurationList = 6647B054218E8A2900731EE8 /* Build configuration list for PBXProject "geoLocation" */;
			compatibilityVersion = "Xcode 9.3";
			developmentRegion = en;
			hasScannedForEncodings = 0;
			knownRegions = (
				en,
				Base,
			);
			mainGroup = 6647B050218E8A2900731EE8;
			productRefGroup = 6647B05A218E8A2900731EE8 /* Products */;
			projectDirPath = "";
			projectRoot = "";
			targets = (
				6647B058218E8A2900731EE8 /* geoLocation */,
			);
		};
/* End PBXProject section */

/* Begin PBXResourcesBuildPhase section */
		6647B057218E8A2900731EE8 /* Resources */ = {
			isa = PBXResourcesBuildPhase;
			buildActionMask = 2147483647;
			files = (
				6647B067218E8A2B00731EE8 /* LaunchScreen.storyboard in Resources */,
				6647B064218E8A2B00731EE8 /* Assets.xcassets in Resources */,
				6647B062218E8A2900731EE8 /* Main.storyboard in Resources */,
			);
			runOnlyForDeploymentPostprocessing = 0;
		};
/* End PBXResourcesBuildPhase section */

/* Begin PBXShellScriptBuildPhase section */
		0118991CDA38587957C759D1 /* [CP] Check Pods Manifest.lock */ = {
			isa = PBXShellScriptBuildPhase;
			buildActionMask = 2147483647;
			files = (
			);
			inputPaths = (
				"${PODS_PODFILE_DIR_PATH}/Podfile.lock",
				"${PODS_ROOT}/Manifest.lock",
			);
			name = "[CP] Check Pods Manifest.lock";
			outputPaths = (
				"$(DERIVED_FILE_DIR)/Pods-geoLocation-checkManifestLockResult.txt",
			);
			runOnlyForDeploymentPostprocessing = 0;
			shellPath = /bin/sh;
			shellScript = "diff \"${PODS_PODFILE_DIR_PATH}/Podfile.lock\" \"${PODS_ROOT}/Manifest.lock\" > /dev/null\nif [ $? != 0 ] ; then\n    # print error to STDERR\n    echo \"error: The sandbox is not in sync with the Podfile.lock. Run 'pod install' or update your CocoaPods installation.\" >&2\n    exit 1\nfi\n# This output is used by Xcode 'outputs' to avoid re-running this script phase.\necho \"SUCCESS\" > \"${SCRIPT_OUTPUT_FILE_0}\"\n";
			showEnvVarsInLog = 0;
		};
		B566840AD426B57938B04FB2 /* [CP] Copy Pods Resources */ = {
			isa = PBXShellScriptBuildPhase;
			buildActionMask = 2147483647;
			files = (
			);
			inputPaths = (
				"${SRCROOT}/Pods/Target Support Files/Pods-geoLocation/Pods-geoLocation-resources.sh",
				"${PODS_ROOT}/GoogleMaps/Maps/Frameworks/GoogleMaps.framework/Resources/GoogleMaps.bundle",
				"${PODS_ROOT}/GooglePlaces/Frameworks/GooglePlaces.framework/Resources/GooglePlaces.bundle",
			);
			name = "[CP] Copy Pods Resources";
			outputPaths = (
				"${TARGET_BUILD_DIR}/${UNLOCALIZED_RESOURCES_FOLDER_PATH}/GoogleMaps.bundle",
				"${TARGET_BUILD_DIR}/${UNLOCALIZED_RESOURCES_FOLDER_PATH}/GooglePlaces.bundle",
			);
			runOnlyForDeploymentPostprocessing = 0;
			shellPath = /bin/sh;
			shellScript = "\"${SRCROOT}/Pods/Target Support Files/Pods-geoLocation/Pods-geoLocation-resources.sh\"\n";
			showEnvVarsInLog = 0;
		};
/* End PBXShellScriptBuildPhase section */

/* Begin PBXSourcesBuildPhase section */
		6647B055218E8A2900731EE8 /* Sources */ = {
			isa = PBXSourcesBuildPhase;
			buildActionMask = 2147483647;
			files = (
				6647B05F218E8A2900731EE8 /* ViewController.swift in Sources */,
				6647B05D218E8A2900731EE8 /* AppDelegate.swift in Sources */,
			);
			runOnlyForDeploymentPostprocessing = 0;
		};
/* End PBXSourcesBuildPhase section */

/* Begin PBXVariantGroup section */
		6647B060218E8A2900731EE8 /* Main.storyboard */ = {
			isa = PBXVariantGroup;
			children = (
				6647B061218E8A2900731EE8 /* Base */,
			);
			name = Main.storyboard;
			sourceTree = "<group>";
		};
		6647B065218E8A2B00731EE8 /* LaunchScreen.storyboard */ = {
			isa = PBXVariantGroup;
			children = (
				6647B066218E8A2B00731EE8 /* Base */,
			);
			name = LaunchScreen.storyboard;
			sourceTree = "<group>";
		};
/* End PBXVariantGroup section */

/* Begin XCBuildConfiguration section */
		6647B069218E8A2B00731EE8 /* Debug */ = {
			isa = XCBuildConfiguration;
			buildSettings = {
				ALWAYS_SEARCH_USER_PATHS = NO;
				CLANG_ANALYZER_NONNULL = YES;
				CLANG_ANALYZER_NUMBER_OBJECT_CONVERSION = YES_AGGRESSIVE;
				CLANG_CXX_LANGUAGE_STANDARD = "gnu++14";
				CLANG_CXX_LIBRARY = "libc++";
				CLANG_ENABLE_MODULES = YES;
				CLANG_ENABLE_OBJC_ARC = YES;
				CLANG_ENABLE_OBJC_WEAK = YES;
				CLANG_WARN_BLOCK_CAPTURE_AUTORELEASING = YES;
				CLANG_WARN_BOOL_CONVERSION = YES;
				CLANG_WARN_COMMA = YES;
				CLANG_WARN_CONSTANT_CONVERSION = YES;
				CLANG_WARN_DEPRECATED_OBJC_IMPLEMENTATIONS = YES;
				CLANG_WARN_DIRECT_OBJC_ISA_USAGE = YES_ERROR;
				CLANG_WARN_DOCUMENTATION_COMMENTS = YES;
				CLANG_WARN_EMPTY_BODY = YES;
				CLANG_WARN_ENUM_CONVERSION = YES;
				CLANG_WARN_INFINITE_RECURSION = YES;
				CLANG_WARN_INT_CONVERSION = YES;
				CLANG_WARN_NON_LITERAL_NULL_CONVERSION = YES;
				CLANG_WARN_OBJC_IMPLICIT_RETAIN_SELF = YES;
				CLANG_WARN_OBJC_LITERAL_CONVERSION = YES;
				CLANG_WARN_OBJC_ROOT_CLASS = YES_ERROR;
				CLANG_WARN_RANGE_LOOP_ANALYSIS = YES;
				CLANG_WARN_STRICT_PROTOTYPES = YES;
				CLANG_WARN_SUSPICIOUS_MOVE = YES;
				CLANG_WARN_UNGUARDED_AVAILABILITY = YES_AGGRESSIVE;
				CLANG_WARN_UNREACHABLE_CODE = YES;
				CLANG_WARN__DUPLICATE_METHOD_MATCH = YES;
				CODE_SIGN_IDENTITY = "iPhone Developer";
				COPY_PHASE_STRIP = NO;
				DEBUG_INFORMATION_FORMAT = dwarf;
				ENABLE_STRICT_OBJC_MSGSEND = YES;
				ENABLE_TESTABILITY = YES;
				GCC_C_LANGUAGE_STANDARD = gnu11;
				GCC_DYNAMIC_NO_PIC = NO;
				GCC_NO_COMMON_BLOCKS = YES;
				GCC_OPTIMIZATION_LEVEL = 0;
				GCC_PREPROCESSOR_DEFINITIONS = (
					"DEBUG=1",
					"$(inherited)",
				);
				GCC_WARN_64_TO_32_BIT_CONVERSION = YES;
				GCC_WARN_ABOUT_RETURN_TYPE = YES_ERROR;
				GCC_WARN_UNDECLARED_SELECTOR = YES;
				GCC_WARN_UNINITIALIZED_AUTOS = YES_AGGRESSIVE;
				GCC_WARN_UNUSED_FUNCTION = YES;
				GCC_WARN_UNUSED_VARIABLE = YES;
				IPHONEOS_DEPLOYMENT_TARGET = 12.0;
				MTL_ENABLE_DEBUG_INFO = INCLUDE_SOURCE;
				MTL_FAST_MATH = YES;
				ONLY_ACTIVE_ARCH = YES;
				SDKROOT = iphoneos;
				SWIFT_ACTIVE_COMPILATION_CONDITIONS = DEBUG;
				SWIFT_OPTIMIZATION_LEVEL = "-Onone";
			};
			name = Debug;
		};
		6647B06A218E8A2B00731EE8 /* Release */ = {
			isa = XCBuildConfiguration;
			buildSettings = {
				ALWAYS_SEARCH_USER_PATHS = NO;
				CLANG_ANALYZER_NONNULL = YES;
				CLANG_ANALYZER_NUMBER_OBJECT_CONVERSION = YES_AGGRESSIVE;
				CLANG_CXX_LANGUAGE_STANDARD = "gnu++14";
				CLANG_CXX_LIBRARY = "libc++";
				CLANG_ENABLE_MODULES = YES;
				CLANG_ENABLE_OBJC_ARC = YES;
				CLANG_ENABLE_OBJC_WEAK = YES;
				CLANG_WARN_BLOCK_CAPTURE_AUTORELEASING = YES;
				CLANG_WARN_BOOL_CONVERSION = YES;
				CLANG_WARN_COMMA = YES;
				CLANG_WARN_CONSTANT_CONVERSION = YES;
				CLANG_WARN_DEPRECATED_OBJC_IMPLEMENTATIONS = YES;
				CLANG_WARN_DIRECT_OBJC_ISA_USAGE = YES_ERROR;
				CLANG_WARN_DOCUMENTATION_COMMENTS = YES;
				CLANG_WARN_EMPTY_BODY = YES;
				CLANG_WARN_ENUM_CONVERSION = YES;
				CLANG_WARN_INFINITE_RECURSION = YES;
				CLANG_WARN_INT_CONVERSION = YES;
				CLANG_WARN_NON_LITERAL_NULL_CONVERSION = YES;
				CLANG_WARN_OBJC_IMPLICIT_RETAIN_SELF = YES;
				CLANG_WARN_OBJC_LITERAL_CONVERSION = YES;
				CLANG_WARN_OBJC_ROOT_CLASS = YES_ERROR;
				CLANG_WARN_RANGE_LOOP_ANALYSIS = YES;
				CLANG_WARN_STRICT_PROTOTYPES = YES;
				CLANG_WARN_SUSPICIOUS_MOVE = YES;
				CLANG_WARN_UNGUARDED_AVAILABILITY = YES_AGGRESSIVE;
				CLANG_WARN_UNREACHABLE_CODE = YES;
				CLANG_WARN__DUPLICATE_METHOD_MATCH = YES;
				CODE_SIGN_IDENTITY = "iPhone Developer";
				COPY_PHASE_STRIP = NO;
				DEBUG_INFORMATION_FORMAT = "dwarf-with-dsym";
				ENABLE_NS_ASSERTIONS = NO;
				ENABLE_STRICT_OBJC_MSGSEND = YES;
				GCC_C_LANGUAGE_STANDARD = gnu11;
				GCC_NO_COMMON_BLOCKS = YES;
				GCC_WARN_64_TO_32_BIT_CONVERSION = YES;
				GCC_WARN_ABOUT_RETURN_TYPE = YES_ERROR;
				GCC_WARN_UNDECLARED_SELECTOR = YES;
				GCC_WARN_UNINITIALIZED_AUTOS = YES_AGGRESSIVE;
				GCC_WARN_UNUSED_FUNCTION = YES;
				GCC_WARN_UNUSED_VARIABLE = YES;
				IPHONEOS_DEPLOYMENT_TARGET = 12.0;
				MTL_ENABLE_DEBUG_INFO = NO;
				MTL_FAST_MATH = YES;
				SDKROOT = iphoneos;
				SWIFT_COMPILATION_MODE = wholemodule;
				SWIFT_OPTIMIZATION_LEVEL = "-O";
				VALIDATE_PRODUCT = YES;
			};
			name = Release;
		};
		6647B06C218E8A2B00731EE8 /* Debug */ = {
			isa = XCBuildConfiguration;
			baseConfigurationReference = 35189B802821B9AEABD03080 /* Pods-geoLocation.debug.xcconfig */;
			buildSettings = {
				ASSETCATALOG_COMPILER_APPICON_NAME = AppIcon;
				CODE_SIGN_STYLE = Automatic;
				DEVELOPMENT_TEAM = 9RHT3JYW75;
				INFOPLIST_FILE = geoLocation/Info.plist;
				LD_RUNPATH_SEARCH_PATHS = (
					"$(inherited)",
					"@executable_path/Frameworks",
				);
				PRODUCT_BUNDLE_IDENTIFIER = "Haris-Hussain.geoLocation";
				PRODUCT_NAME = "$(TARGET_NAME)";
				SWIFT_VERSION = 4.2;
				TARGETED_DEVICE_FAMILY = "1,2";
			};
			name = Debug;
		};
		6647B06D218E8A2B00731EE8 /* Release */ = {
			isa = XCBuildConfiguration;
			baseConfigurationReference = B4390AD50F9A22E0D187E472 /* Pods-geoLocation.release.xcconfig */;
			buildSettings = {
				ASSETCATALOG_COMPILER_APPICON_NAME = AppIcon;
				CODE_SIGN_STYLE = Automatic;
				DEVELOPMENT_TEAM = 9RHT3JYW75;
				INFOPLIST_FILE = geoLocation/Info.plist;
				LD_RUNPATH_SEARCH_PATHS = (
					"$(inherited)",
					"@executable_path/Frameworks",
				);
				PRODUCT_BUNDLE_IDENTIFIER = "Haris-Hussain.geoLocation";
				PRODUCT_NAME = "$(TARGET_NAME)";
				SWIFT_VERSION = 4.2;
				TARGETED_DEVICE_FAMILY = "1,2";
			};
			name = Release;
		};
/* End XCBuildConfiguration section */

/* Begin XCConfigurationList section */
		6647B054218E8A2900731EE8 /* Build configuration list for PBXProject "geoLocation" */ = {
			isa = XCConfigurationList;
			buildConfigurations = (
				6647B069218E8A2B00731EE8 /* Debug */,
				6647B06A218E8A2B00731EE8 /* Release */,
			);
			defaultConfigurationIsVisible = 0;
			defaultConfigurationName = Release;
		};
		6647B06B218E8A2B00731EE8 /* Build configuration list for PBXNativeTarget "geoLocation" */ = {
			isa = XCConfigurationList;
			buildConfigurations = (
				6647B06C218E8A2B00731EE8 /* Debug */,
				6647B06D218E8A2B00731EE8 /* Release */,
			);
			defaultConfigurationIsVisible = 0;
			defaultConfigurationName = Release;
		};
/* End XCConfigurationList section */
	};
	rootObject = 6647B051218E8A2900731EE8 /* Project object */;
}
